
Microsoft Visual Studio Solution File, Format Version 12.00
# Visual Studio Version 17
VisualStudioVersion = 17.14.36203.30 d17.14
MinimumVisualStudioVersion = 10.0.40219.1
Project("{FAE04EC0-301F-11D3-BF4B-00C04F79EFBC}") = "QR Code", "QR Code.csproj", "{7B4B227B-C46B-4B12-836A-E1702579672C}"
EndProject
Global
	GlobalSection(SolutionConfigurationPlatforms) = preSolution
		Debug|Any CPU = Debug|Any CPU
		Release|Any CPU = Release|Any CPU
	EndGlobalSection
	GlobalSection(ProjectConfigurationPlatforms) = postSolution
		{7B4B227B-C46B-4B12-836A-E1702579672C}.Debug|Any CPU.ActiveCfg = Debug|Any CPU
		{7B4B227B-C46B-4B12-836A-E1702579672C}.Debug|Any CPU.Build.0 = Debug|Any CPU
		{7B4B227B-C46B-4B12-836A-E1702579672C}.Release|Any CPU.ActiveCfg = Release|Any CPU
		{7B4B227B-C46B-4B12-836A-E1702579672C}.Release|Any CPU.Build.0 = Release|Any CPU
	EndGlobalSection
	GlobalSection(SolutionProperties) = preSolution
		HideSolutionNode = FALSE
	EndGlobalSection
	GlobalSection(ExtensibilityGlobals) = postSolution
		SolutionGuid = {D2B561BE-B7CA-4CE8-B5E7-65B8B8955DB2}
	EndGlobalSection
EndGlobal
